
Microsoft Visual Studio Solution File, Format Version 12.00
# Visual Studio Version 17
VisualStudioVersion = 17.9.34728.123
MinimumVisualStudioVersion = 10.0.40219.1
Project("{FAE04EC0-301F-11D3-BF4B-00C04F79EFBC}") = "IfAndElseKenan", "IfAndElseKenan\IfAndElseKenan.csproj", "{0397059A-D155-4F56-95E5-8067751E54E4}"
EndProject
Global
	GlobalSection(SolutionConfigurationPlatforms) = preSolution
		Debug|Any CPU = Debug|Any CPU
		Release|Any CPU = Release|Any CPU
	EndGlobalSection
	GlobalSection(ProjectConfigurationPlatforms) = postSolution
		{0397059A-D155-4F56-95E5-8067751E54E4}.Debug|Any CPU.ActiveCfg = Debug|Any CPU
		{0397059A-D155-4F56-95E5-8067751E54E4}.Debug|Any CPU.Build.0 = Debug|Any CPU
		{0397059A-D155-4F56-95E5-8067751E54E4}.Release|Any CPU.ActiveCfg = Release|Any CPU
		{0397059A-D155-4F56-95E5-8067751E54E4}.Release|Any CPU.Build.0 = Release|Any CPU
	EndGlobalSection
	GlobalSection(SolutionProperties) = preSolution
		HideSolutionNode = FALSE
	EndGlobalSection
	GlobalSection(ExtensibilityGlobals) = postSolution
		SolutionGuid = {41BB4160-C222-4E63-8AEB-10820F27FF33}
	EndGlobalSection
EndGlobal
